// !$*UTF8*$!
{
	archiveVersion = 1;
	classes = {
	};
	objectVersion = 46;
	objects = {

/* Begin PBXBuildFile section */
		5534241A1C457BAE00948E30 /* AppDelegate.swift in Sources */ = {isa = PBXBuildFile; fileRef = 553424191C457BAE00948E30 /* AppDelegate.swift */; };
		5534241C1C457BAE00948E30 /* ViewController.swift in Sources */ = {isa = PBXBuildFile; fileRef = 5534241B1C457BAE00948E30 /* ViewController.swift */; };
		5534241F1C457BAE00948E30 /* Main.storyboard in Resources */ = {isa = PBXBuildFile; fileRef = 5534241D1C457BAE00948E30 /* Main.storyboard */; };
		553424211C457BAE00948E30 /* Assets.xcassets in Resources */ = {isa = PBXBuildFile; fileRef = 553424201C457BAE00948E30 /* Assets.xcassets */; };
		553424241C457BAE00948E30 /* LaunchScreen.storyboard in Resources */ = {isa = PBXBuildFile; fileRef = 553424221C457BAE00948E30 /* LaunchScreen.storyboard */; };
/* End PBXBuildFile section */

/* Begin PBXFileReference section */
		553424161C457BAE00948E30 /* coreMotion.app */ = {isa = PBXFileReference; explicitFileType = wrapper.application; includeInIndex = 0; path = coreMotion.app; sourceTree = BUILT_PRODUCTS_DIR; };
		553424191C457BAE00948E30 /* AppDelegate.swift */ = {isa = PBXFileReference; lastKnownFileType = sourcecode.swift; path = AppDelegate.swift; sourceTree = "<group>"; };
		5534241B1C457BAE00948E30 /* ViewController.swift */ = {isa = PBXFileReference; lastKnownFileType = sourcecode.swift; path = ViewController.swift; sourceTree = "<group>"; };
		5534241E1C457BAE00948E30 /* Base */ = {isa = PBXFileReference; lastKnownFileType = file.storyboard; name = Base; path = Base.lproj/Main.storyboard; sourceTree = "<group>"; };
		553424201C457BAE00948E30 /* Assets.xcassets */ = {isa = PBXFileReference; lastKnownFileType = folder.assetcatalog; path = Assets.xcassets; sourceTree = "<group>"; };
		553424231C457BAE00948E30 /* Base */ = {isa = PBXFileReference; lastKnownFileType = file.storyboard; name = Base; path = Base.lproj/LaunchScreen.storyboard; sourceTree = "<group>"; };
		553424251C457BAE00948E30 /* Info.plist */ = {isa = PBXFileReference; lastKnownFileType = text.plist.xml; path = Info.plist; sourceTree = "<group>"; };
/* End PBXFileReference section */

/* Begin PBXFrameworksBuildPhase section */
		553424131C457BAE00948E30 /* Frameworks */ = {
			isa = PBXFrameworksBuildPhase;
			buildActionMask = 2147483647;
			files = (
			);
			runOnlyForDeploymentPostprocessing = 0;
		};
/* End PBXFrameworksBuildPhase section */

/* Begin PBXGroup section */
		5534240D1C457BAE00948E30 = {
			isa = PBXGroup;
			children = (
				553424181C457BAE00948E30 /* coreMotion */,
				553424171C457BAE00948E30 /* Products */,
			);
			sourceTree = "<group>";
		};
		553424171C457BAE00948E30 /* Products */ = {
			isa = PBXGroup;
			children = (
				553424161C457BAE00948E30 /* coreMotion.app */,
			);
			name = Products;
			sourceTree = "<group>";
		};
		553424181C457BAE00948E30 /* coreMotion */ = {
			isa = PBXGroup;
			children = (
				553424191C457BAE00948E30 /* AppDelegate.swift */,
				5534241B1C457BAE00948E30 /* ViewController.swift */,
				5534241D1C457BAE00948E30 /* Main.storyboard */,
				553424201C457BAE00948E30 /* Assets.xcassets */,
				553424221C457BAE00948E30 /* LaunchScreen.storyboard */,
				553424251C457BAE00948E30 /* Info.plist */,
			);
			path = coreMotion;
			sourceTree = "<group>";
		};
/* End PBXGroup section */

/* Begin PBXNativeTarget section */
		553424151C457BAE00948E30 /* coreMotion */ = {
			isa = PBXNativeTarget;
			buildConfigurationList = 553424281C457BAE00948E30 /* Build configuration list for PBXNativeTarget "coreMotion" */;
			buildPhases = (
				553424121C457BAE00948E30 /* Sources */,
				553424131C457BAE00948E30 /* Frameworks */,
				553424141C457BAE00948E30 /* Resources */,
			);
			buildRules = (
			);
			dependencies = (
			);
			name = coreMotion;
			productName = coreMotion;
			productReference = 553424161C457BAE00948E30 /* coreMotion.app */;
			productType = "com.apple.product-type.application";
		};
/* End PBXNativeTarget section */

/* Begin PBXProject section */
		5534240E1C457BAE00948E30 /* Project object */ = {
			isa = PBXProject;
			attributes = {
				LastSwiftUpdateCheck = 0720;
				LastUpgradeCheck = 0720;
				ORGANIZATIONNAME = "Dave Rothschild";
				TargetAttributes = {
					553424151C457BAE00948E30 = {
						CreatedOnToolsVersion = 7.2;
					};
				};
			};
			buildConfigurationList = 553424111C457BAE00948E30 /* Build configuration list for PBXProject "coreMotion" */;
			compatibilityVersion = "Xcode 3.2";
			developmentRegion = English;
			hasScannedForEncodings = 0;
			knownRegions = (
				en,
				Base,
			);
			mainGroup = 5534240D1C457BAE00948E30;
			productRefGroup = 553424171C457BAE00948E30 /* Products */;
			projectDirPath = "";
			projectRoot = "";
			targets = (
				553424151C457BAE00948E30 /* coreMotion */,
			);
		};
/* End PBXProject section */

/* Begin PBXResourcesBuildPhase section */
		553424141C457BAE00948E30 /* Resources */ = {
			isa = PBXResourcesBuildPhase;
			buildActionMask = 2147483647;
			files = (
				553424241C457BAE00948E30 /* LaunchScreen.storyboard in Resources */,
				553424211C457BAE00948E30 /* Assets.xcassets in Resources */,
				5534241F1C457BAE00948E30 /* Main.storyboard in Resources */,
			);
			runOnlyForDeploymentPostprocessing = 0;
		};
/* End PBXResourcesBuildPhase section */

/* Begin PBXSourcesBuildPhase section */
		553424121C457BAE00948E30 /* Sources */ = {
			isa = PBXSourcesBuildPhase;
			buildActionMask = 2147483647;
			files = (
				5534241C1C457BAE00948E30 /* ViewController.swift in Sources */,
				5534241A1C457BAE00948E30 /* AppDelegate.swift in Sources */,
			);
			runOnlyForDeploymentPostprocessing = 0;
		};
/* End PBXSourcesBuildPhase section */

/* Begin PBXVariantGroup section */
		5534241D1C457BAE00948E30 /* Main.storyboard */ = {
			isa = PBXVariantGroup;
			children = (
				5534241E1C457BAE00948E30 /* Base */,
			);
			name = Main.storyboard;
			sourceTree = "<group>";
		};
		553424221C457BAE00948E30 /* LaunchScreen.storyboard */ = {
			isa = PBXVariantGroup;
			children = (
				553424231C457BAE00948E30 /* Base */,
			);
			name = LaunchScreen.storyboard;
			sourceTree = "<group>";
		};
/* End PBXVariantGroup section */

/* Begin XCBuildConfiguration section */
		553424261C457BAE00948E30 /* Debug */ = {
			isa = XCBuildConfiguration;
			buildSettings = {
				ALWAYS_SEARCH_USER_PATHS = NO;
				CLANG_CXX_LANGUAGE_STANDARD = "gnu++0x";
				CLANG_CXX_LIBRARY = "libc++";
				CLANG_ENABLE_MODULES = YES;
				CLANG_ENABLE_OBJC_ARC = YES;
				CLANG_WARN_BOOL_CONVERSION = YES;
				CLANG_WARN_CONSTANT_CONVERSION = YES;
				CLANG_WARN_DIRECT_OBJC_ISA_USAGE = YES_ERROR;
				CLANG_WARN_EMPTY_BODY = YES;
				CLANG_WARN_ENUM_CONVERSION = YES;
				CLANG_WARN_INT_CONVERSION = YES;
				CLANG_WARN_OBJC_ROOT_CLASS = YES_ERROR;
				CLANG_WARN_UNREACHABLE_CODE = YES;
				CLANG_WARN__DUPLICATE_METHOD_MATCH = YES;
				"CODE_SIGN_IDENTITY[sdk=iphoneos*]" = "iPhone Developer";
				COPY_PHASE_STRIP = NO;
				DEBUG_INFORMATION_FORMAT = dwarf;
				ENABLE_STRICT_OBJC_MSGSEND = YES;
				ENABLE_TESTABILITY = YES;
				GCC_C_LANGUAGE_STANDARD = gnu99;
				GCC_DYNAMIC_NO_PIC = NO;
				GCC_NO_COMMON_BLOCKS = YES;
				GCC_OPTIMIZATION_LEVEL = 0;
				GCC_PREPROCESSOR_DEFINITIONS = (
					"DEBUG=1",
					"$(inherited)",
				);
				GCC_WARN_64_TO_32_BIT_CONVERSION = YES;
				GCC_WARN_ABOUT_RETURN_TYPE = YES_ERROR;
				GCC_WARN_UNDECLARED_SELECTOR = YES;
				GCC_WARN_UNINITIALIZED_AUTOS = YES_AGGRESSIVE;
				GCC_WARN_UNUSED_FUNCTION = YES;
				GCC_WARN_UNUSED_VARIABLE = YES;
				IPHONEOS_DEPLOYMENT_TARGET = 9.2;
				MTL_ENABLE_DEBUG_INFO = YES;
				ONLY_ACTIVE_ARCH = YES;
				SDKROOT = iphoneos;
				SWIFT_OPTIMIZATION_LEVEL = "-Onone";
			};
			name = Debug;
		};
		553424271C457BAE00948E30 /* Release */ = {
			isa = XCBuildConfiguration;
			buildSettings = {
				ALWAYS_SEARCH_USER_PATHS = NO;
				CLANG_CXX_LANGUAGE_STANDARD = "gnu++0x";
				CLANG_CXX_LIBRARY = "libc++";
				CLANG_ENABLE_MODULES = YES;
				CLANG_ENABLE_OBJC_ARC = YES;
				CLANG_WARN_BOOL_CONVERSION = YES;
				CLANG_WARN_CONSTANT_CONVERSION = YES;
				CLANG_WARN_DIRECT_OBJC_ISA_USAGE = YES_ERROR;
				CLANG_WARN_EMPTY_BODY = YES;
				CLANG_WARN_ENUM_CONVERSION = YES;
				CLANG_WARN_INT_CONVERSION = YES;
				CLANG_WARN_OBJC_ROOT_CLASS = YES_ERROR;
				CLANG_WARN_UNREACHABLE_CODE = YES;
				CLANG_WARN__DUPLICATE_METHOD_MATCH = YES;
				"CODE_SIGN_IDENTITY[sdk=iphoneos*]" = "iPhone Developer";
				COPY_PHASE_STRIP = NO;
				DEBUG_INFORMATION_FORMAT = "dwarf-with-dsym";
				ENABLE_NS_ASSERTIONS = NO;
				ENABLE_STRICT_OBJC_MSGSEND = YES;
				GCC_C_LANGUAGE_STANDARD = gnu99;
				GCC_NO_COMMON_BLOCKS = YES;
				GCC_WARN_64_TO_32_BIT_CONVERSION = YES;
				GCC_WARN_ABOUT_RETURN_TYPE = YES_ERROR;
				GCC_WARN_UNDECLARED_SELECTOR = YES;
				GCC_WARN_UNINITIALIZED_AUTOS = YES_AGGRESSIVE;
				GCC_WARN_UNUSED_FUNCTION = YES;
				GCC_WARN_UNUSED_VARIABLE = YES;
				IPHONEOS_DEPLOYMENT_TARGET = 9.2;
				MTL_ENABLE_DEBUG_INFO = NO;
				SDKROOT = iphoneos;
				VALIDATE_PRODUCT = YES;
			};
			name = Release;
		};
		553424291C457BAE00948E30 /* Debug */ = {
			isa = XCBuildConfiguration;
			buildSettings = {
				ASSETCATALOG_COMPILER_APPICON_NAME = AppIcon;
				INFOPLIST_FILE = coreMotion/Info.plist;
				LD_RUNPATH_SEARCH_PATHS = "$(inherited) @executable_path/Frameworks";
				PRODUCT_BUNDLE_IDENTIFIER = com.daverothschild.coreMotion;
				PRODUCT_NAME = "$(TARGET_NAME)";
			};
			name = Debug;
		};
		5534242A1C457BAE00948E30 /* Release */ = {
			isa = XCBuildConfiguration;
			buildSettings = {
				ASSETCATALOG_COMPILER_APPICON_NAME = AppIcon;
				INFOPLIST_FILE = coreMotion/Info.plist;
				LD_RUNPATH_SEARCH_PATHS = "$(inherited) @executable_path/Frameworks";
				PRODUCT_BUNDLE_IDENTIFIER = com.daverothschild.coreMotion;
				PRODUCT_NAME = "$(TARGET_NAME)";
			};
			name = Release;
		};
/* End XCBuildConfiguration section */

/* Begin XCConfigurationList section */
		553424111C457BAE00948E30 /* Build configuration list for PBXProject "coreMotion" */ = {
			isa = XCConfigurationList;
			buildConfigurations = (
				553424261C457BAE00948E30 /* Debug */,
				553424271C457BAE00948E30 /* Release */,
			);
			defaultConfigurationIsVisible = 0;
			defaultConfigurationName = Release;
		};
		553424281C457BAE00948E30 /* Build configuration list for PBXNativeTarget "coreMotion" */ = {
			isa = XCConfigurationList;
			buildConfigurations = (
				553424291C457BAE00948E30 /* Debug */,
				5534242A1C457BAE00948E30 /* Release */,
			);
			defaultConfigurationIsVisible = 0;
		};
/* End XCConfigurationList section */
	};
	rootObject = 5534240E1C457BAE00948E30 /* Project object */;
}
